
Microsoft Visual Studio Solution File, Format Version 12.00
# Visual Studio Version 16
VisualStudioVersion = 16.0.29613.14
MinimumVisualStudioVersion = 10.0.40219.1
Project("{9A19103F-16F7-4668-BE54-9A1E7A4F7556}") = "HelloApp", "HelloApp\HelloApp.csproj", "{F7D264A5-66D0-4369-A635-4B18223D722E}"
EndProject
Project("{9A19103F-16F7-4668-BE54-9A1E7A4F7556}") = "ExeptionHandle", "ExeptionHandle\ExeptionHandle.csproj", "{B9690CBE-F6AE-4F66-9E69-5A3C1558B2A5}"
EndProject
Project("{9A19103F-16F7-4668-BE54-9A1E7A4F7556}") = "HttpsApp", "HttpsApp\HttpsApp.csproj", "{60BF0894-450F-46A1-92F0-EE27B2F60B50}"
EndProject
Project("{9A19103F-16F7-4668-BE54-9A1E7A4F7556}") = "DependencyInjectionApp", "DependencyInjectionApp\DependencyInjectionApp.csproj", "{B496DC53-8451-4EFD-9A49-6A8E2C9244E8}"
EndProject
Project("{9A19103F-16F7-4668-BE54-9A1E7A4F7556}") = "Sessions", "Sessions\Sessions.csproj", "{3F202452-80E6-4DE9-8B01-FB533DBEDABE}"
EndProject
Project("{9A19103F-16F7-4668-BE54-9A1E7A4F7556}") = "Logging", "Logging\Logging.csproj", "{BEFD17B0-5343-4072-8EF5-405B22BF37E8}"
EndProject
Project("{FAE04EC0-301F-11D3-BF4B-00C04F79EFBC}") = "RoutingApp", "RoutingApp\RoutingApp.csproj", "{73FD05A0-1E89-4D09-AFD6-D804A67AB948}"
EndProject
Global
	GlobalSection(SolutionConfigurationPlatforms) = preSolution
		Debug|Any CPU = Debug|Any CPU
		Release|Any CPU = Release|Any CPU
	EndGlobalSection
	GlobalSection(ProjectConfigurationPlatforms) = postSolution
		{F7D264A5-66D0-4369-A635-4B18223D722E}.Debug|Any CPU.ActiveCfg = Debug|Any CPU
		{F7D264A5-66D0-4369-A635-4B18223D722E}.Debug|Any CPU.Build.0 = Debug|Any CPU
		{F7D264A5-66D0-4369-A635-4B18223D722E}.Release|Any CPU.ActiveCfg = Release|Any CPU
		{F7D264A5-66D0-4369-A635-4B18223D722E}.Release|Any CPU.Build.0 = Release|Any CPU
		{B9690CBE-F6AE-4F66-9E69-5A3C1558B2A5}.Debug|Any CPU.ActiveCfg = Debug|Any CPU
		{B9690CBE-F6AE-4F66-9E69-5A3C1558B2A5}.Debug|Any CPU.Build.0 = Debug|Any CPU
		{B9690CBE-F6AE-4F66-9E69-5A3C1558B2A5}.Release|Any CPU.ActiveCfg = Release|Any CPU
		{B9690CBE-F6AE-4F66-9E69-5A3C1558B2A5}.Release|Any CPU.Build.0 = Release|Any CPU
		{60BF0894-450F-46A1-92F0-EE27B2F60B50}.Debug|Any CPU.ActiveCfg = Debug|Any CPU
		{60BF0894-450F-46A1-92F0-EE27B2F60B50}.Debug|Any CPU.Build.0 = Debug|Any CPU
		{60BF0894-450F-46A1-92F0-EE27B2F60B50}.Release|Any CPU.ActiveCfg = Release|Any CPU
		{60BF0894-450F-46A1-92F0-EE27B2F60B50}.Release|Any CPU.Build.0 = Release|Any CPU
		{B496DC53-8451-4EFD-9A49-6A8E2C9244E8}.Debug|Any CPU.ActiveCfg = Debug|Any CPU
		{B496DC53-8451-4EFD-9A49-6A8E2C9244E8}.Debug|Any CPU.Build.0 = Debug|Any CPU
		{B496DC53-8451-4EFD-9A49-6A8E2C9244E8}.Release|Any CPU.ActiveCfg = Release|Any CPU
		{B496DC53-8451-4EFD-9A49-6A8E2C9244E8}.Release|Any CPU.Build.0 = Release|Any CPU
		{3F202452-80E6-4DE9-8B01-FB533DBEDABE}.Debug|Any CPU.ActiveCfg = Debug|Any CPU
		{3F202452-80E6-4DE9-8B01-FB533DBEDABE}.Debug|Any CPU.Build.0 = Debug|Any CPU
		{3F202452-80E6-4DE9-8B01-FB533DBEDABE}.Release|Any CPU.ActiveCfg = Release|Any CPU
		{3F202452-80E6-4DE9-8B01-FB533DBEDABE}.Release|Any CPU.Build.0 = Release|Any CPU
		{BEFD17B0-5343-4072-8EF5-405B22BF37E8}.Debug|Any CPU.ActiveCfg = Debug|Any CPU
		{BEFD17B0-5343-4072-8EF5-405B22BF37E8}.Debug|Any CPU.Build.0 = Debug|Any CPU
		{BEFD17B0-5343-4072-8EF5-405B22BF37E8}.Release|Any CPU.ActiveCfg = Release|Any CPU
		{BEFD17B0-5343-4072-8EF5-405B22BF37E8}.Release|Any CPU.Build.0 = Release|Any CPU
		{73FD05A0-1E89-4D09-AFD6-D804A67AB948}.Debug|Any CPU.ActiveCfg = Debug|Any CPU
		{73FD05A0-1E89-4D09-AFD6-D804A67AB948}.Debug|Any CPU.Build.0 = Debug|Any CPU
		{73FD05A0-1E89-4D09-AFD6-D804A67AB948}.Release|Any CPU.ActiveCfg = Release|Any CPU
		{73FD05A0-1E89-4D09-AFD6-D804A67AB948}.Release|Any CPU.Build.0 = Release|Any CPU
	EndGlobalSection
	GlobalSection(SolutionProperties) = preSolution
		HideSolutionNode = FALSE
	EndGlobalSection
	GlobalSection(ExtensibilityGlobals) = postSolution
		SolutionGuid = {E79129DF-B4F3-459E-83C5-01D43D59FD06}
	EndGlobalSection
EndGlobal
