
Microsoft Visual Studio Solution File, Format Version 12.00
# Visual Studio Version 16
VisualStudioVersion = 16.0.29613.14
MinimumVisualStudioVersion = 10.0.40219.1
Project("{9A19103F-16F7-4668-BE54-9A1E7A4F7556}") = "HelloApp", "HelloApp\HelloApp.csproj", "{F7D264A5-66D0-4369-A635-4B18223D722E}"
EndProject
Project("{9A19103F-16F7-4668-BE54-9A1E7A4F7556}") = "ExeptionHandle", "ExeptionHandle\ExeptionHandle.csproj", "{B9690CBE-F6AE-4F66-9E69-5A3C1558B2A5}"
EndProject
Project("{9A19103F-16F7-4668-BE54-9A1E7A4F7556}") = "HttpsApp", "HttpsApp\HttpsApp.csproj", "{60BF0894-450F-46A1-92F0-EE27B2F60B50}"
EndProject
Project("{9A19103F-16F7-4668-BE54-9A1E7A4F7556}") = "DependencyInjectionApp", "DependencyInjectionApp\DependencyInjectionApp.csproj", "{B496DC53-8451-4EFD-9A49-6A8E2C9244E8}"
EndProject
Project("{9A19103F-16F7-4668-BE54-9A1E7A4F7556}") = "Sessions", "Sessions\Sessions.csproj", "{3F202452-80E6-4DE9-8B01-FB533DBEDABE}"
EndProject
Project("{9A19103F-16F7-4668-BE54-9A1E7A4F7556}") = "Logging", "Logging\Logging.csproj", "{BEFD17B0-5343-4072-8EF5-405B22BF37E8}"
EndProject
Project("{9A19103F-16F7-4668-BE54-9A1E7A4F7556}") = "RoutingApp", "RoutingApp\RoutingApp.csproj", "{73FD05A0-1E89-4D09-AFD6-D804A67AB948}"
EndProject
Project("{9A19103F-16F7-4668-BE54-9A1E7A4F7556}") = "MobileStore", "MobileStore\MobileStore.csproj", "{48F245B9-A4E5-4709-B334-D1BA79DBF6E4}"
EndProject
Project("{9A19103F-16F7-4668-BE54-9A1E7A4F7556}") = "ControllersAcnActions", "ControllersAcnActions\ControllersAcnActions.csproj", "{6BFC6A82-FDEB-4E00-872F-D14ADBC35CB7}"
EndProject
Project("{9A19103F-16F7-4668-BE54-9A1E7A4F7556}") = "TagHelpersApp", "TagHelpersApp\TagHelpersApp.csproj", "{877261AF-58AE-41AD-AB98-29E4BBD6A674}"
EndProject
Project("{9A19103F-16F7-4668-BE54-9A1E7A4F7556}") = "SortPaginationFilters", "SortPaginationFilters\SortPaginationFilters.csproj", "{009266F1-D85A-45D3-90FE-C491765A0A5F}"
EndProject
Project("{9A19103F-16F7-4668-BE54-9A1E7A4F7556}") = "IdentityApp", "IdentityApp\IdentityApp.csproj", "{898D7975-A47A-46B8-B633-8C87858AFBC7}"
EndProject
Project("{9A19103F-16F7-4668-BE54-9A1E7A4F7556}") = "IdentityAppFromEmpty", "IdentityAppFromEmpty\IdentityAppFromEmpty.csproj", "{59BC57E8-ED7D-4AD5-9C50-3B2C743E88C8}"
EndProject
Project("{2150E333-8FDC-42A3-9474-1A3956D46DE8}") = "UnitTestsTutorial", "UnitTestsTutorial", "{C820DBFA-26CF-47DD-90EC-190964356FAC}"
EndProject
Project("{9A19103F-16F7-4668-BE54-9A1E7A4F7556}") = "UnitTestApp", "UnitTestApp\UnitTestApp.csproj", "{94A243F5-39F9-4F2E-91F9-62C25D75D590}"
EndProject
Project("{9A19103F-16F7-4668-BE54-9A1E7A4F7556}") = "UnitTestApp.Tests", "UnitTestApp.Tests\UnitTestApp.Tests.csproj", "{F6B4674D-7883-4CA5-B33E-99D54996B5AF}"
EndProject
Project("{2150E333-8FDC-42A3-9474-1A3956D46DE8}") = "EF Core", "EF Core", "{DA96EA9F-9B88-47EE-9960-B8DA836A97C7}"
EndProject
Project("{9A19103F-16F7-4668-BE54-9A1E7A4F7556}") = "LogsAndStrategy", "LogsAndStrategy\LogsAndStrategy.csproj", "{4106E554-1130-4939-A4B8-95AF758051A4}"
EndProject
Project("{9A19103F-16F7-4668-BE54-9A1E7A4F7556}") = "LogsAndStrategy.Tests", "LogsAndStrategy.Tests\LogsAndStrategy.Tests.csproj", "{94393A32-93D6-442C-A40D-FA2C0BC68527}"
EndProject
Project("{9A19103F-16F7-4668-BE54-9A1E7A4F7556}") = "IStartupFilterExample", "IStartupFilterExample\IStartupFilterExample.csproj", "{F7615DEB-4A33-4AB1-A29E-31A988E42062}"
EndProject
Project("{9A19103F-16F7-4668-BE54-9A1E7A4F7556}") = "TryAddEnumerableExample", "TryAddEnumerableExample\TryAddEnumerableExample.csproj", "{C2775324-45F0-4F85-ADA1-91BF8BC89631}"
EndProject
Project("{9A19103F-16F7-4668-BE54-9A1E7A4F7556}") = "SingletonServiceExample", "SingletonServiceExample\SingletonServiceExample.csproj", "{CAED4962-2BF0-4655-BA85-794F2711D42D}"
EndProject
Project("{FAE04EC0-301F-11D3-BF4B-00C04F79EFBC}") = "HeadersMiddleware", "HeadersMiddleware\HeadersMiddleware.csproj", "{1E75123E-D057-4F8D-98D5-9A5440B2252A}"
EndProject
Global
	GlobalSection(SolutionConfigurationPlatforms) = preSolution
		Debug|Any CPU = Debug|Any CPU
		Release|Any CPU = Release|Any CPU
	EndGlobalSection
	GlobalSection(ProjectConfigurationPlatforms) = postSolution
		{F7D264A5-66D0-4369-A635-4B18223D722E}.Debug|Any CPU.ActiveCfg = Debug|Any CPU
		{F7D264A5-66D0-4369-A635-4B18223D722E}.Debug|Any CPU.Build.0 = Debug|Any CPU
		{F7D264A5-66D0-4369-A635-4B18223D722E}.Release|Any CPU.ActiveCfg = Release|Any CPU
		{F7D264A5-66D0-4369-A635-4B18223D722E}.Release|Any CPU.Build.0 = Release|Any CPU
		{B9690CBE-F6AE-4F66-9E69-5A3C1558B2A5}.Debug|Any CPU.ActiveCfg = Debug|Any CPU
		{B9690CBE-F6AE-4F66-9E69-5A3C1558B2A5}.Debug|Any CPU.Build.0 = Debug|Any CPU
		{B9690CBE-F6AE-4F66-9E69-5A3C1558B2A5}.Release|Any CPU.ActiveCfg = Release|Any CPU
		{B9690CBE-F6AE-4F66-9E69-5A3C1558B2A5}.Release|Any CPU.Build.0 = Release|Any CPU
		{60BF0894-450F-46A1-92F0-EE27B2F60B50}.Debug|Any CPU.ActiveCfg = Debug|Any CPU
		{60BF0894-450F-46A1-92F0-EE27B2F60B50}.Debug|Any CPU.Build.0 = Debug|Any CPU
		{60BF0894-450F-46A1-92F0-EE27B2F60B50}.Release|Any CPU.ActiveCfg = Release|Any CPU
		{60BF0894-450F-46A1-92F0-EE27B2F60B50}.Release|Any CPU.Build.0 = Release|Any CPU
		{B496DC53-8451-4EFD-9A49-6A8E2C9244E8}.Debug|Any CPU.ActiveCfg = Debug|Any CPU
		{B496DC53-8451-4EFD-9A49-6A8E2C9244E8}.Debug|Any CPU.Build.0 = Debug|Any CPU
		{B496DC53-8451-4EFD-9A49-6A8E2C9244E8}.Release|Any CPU.ActiveCfg = Release|Any CPU
		{B496DC53-8451-4EFD-9A49-6A8E2C9244E8}.Release|Any CPU.Build.0 = Release|Any CPU
		{3F202452-80E6-4DE9-8B01-FB533DBEDABE}.Debug|Any CPU.ActiveCfg = Debug|Any CPU
		{3F202452-80E6-4DE9-8B01-FB533DBEDABE}.Debug|Any CPU.Build.0 = Debug|Any CPU
		{3F202452-80E6-4DE9-8B01-FB533DBEDABE}.Release|Any CPU.ActiveCfg = Release|Any CPU
		{3F202452-80E6-4DE9-8B01-FB533DBEDABE}.Release|Any CPU.Build.0 = Release|Any CPU
		{BEFD17B0-5343-4072-8EF5-405B22BF37E8}.Debug|Any CPU.ActiveCfg = Debug|Any CPU
		{BEFD17B0-5343-4072-8EF5-405B22BF37E8}.Debug|Any CPU.Build.0 = Debug|Any CPU
		{BEFD17B0-5343-4072-8EF5-405B22BF37E8}.Release|Any CPU.ActiveCfg = Release|Any CPU
		{BEFD17B0-5343-4072-8EF5-405B22BF37E8}.Release|Any CPU.Build.0 = Release|Any CPU
		{73FD05A0-1E89-4D09-AFD6-D804A67AB948}.Debug|Any CPU.ActiveCfg = Debug|Any CPU
		{73FD05A0-1E89-4D09-AFD6-D804A67AB948}.Debug|Any CPU.Build.0 = Debug|Any CPU
		{73FD05A0-1E89-4D09-AFD6-D804A67AB948}.Release|Any CPU.ActiveCfg = Release|Any CPU
		{73FD05A0-1E89-4D09-AFD6-D804A67AB948}.Release|Any CPU.Build.0 = Release|Any CPU
		{48F245B9-A4E5-4709-B334-D1BA79DBF6E4}.Debug|Any CPU.ActiveCfg = Debug|Any CPU
		{48F245B9-A4E5-4709-B334-D1BA79DBF6E4}.Debug|Any CPU.Build.0 = Debug|Any CPU
		{48F245B9-A4E5-4709-B334-D1BA79DBF6E4}.Release|Any CPU.ActiveCfg = Release|Any CPU
		{48F245B9-A4E5-4709-B334-D1BA79DBF6E4}.Release|Any CPU.Build.0 = Release|Any CPU
		{6BFC6A82-FDEB-4E00-872F-D14ADBC35CB7}.Debug|Any CPU.ActiveCfg = Debug|Any CPU
		{6BFC6A82-FDEB-4E00-872F-D14ADBC35CB7}.Debug|Any CPU.Build.0 = Debug|Any CPU
		{6BFC6A82-FDEB-4E00-872F-D14ADBC35CB7}.Release|Any CPU.ActiveCfg = Release|Any CPU
		{6BFC6A82-FDEB-4E00-872F-D14ADBC35CB7}.Release|Any CPU.Build.0 = Release|Any CPU
		{877261AF-58AE-41AD-AB98-29E4BBD6A674}.Debug|Any CPU.ActiveCfg = Debug|Any CPU
		{877261AF-58AE-41AD-AB98-29E4BBD6A674}.Debug|Any CPU.Build.0 = Debug|Any CPU
		{877261AF-58AE-41AD-AB98-29E4BBD6A674}.Release|Any CPU.ActiveCfg = Release|Any CPU
		{877261AF-58AE-41AD-AB98-29E4BBD6A674}.Release|Any CPU.Build.0 = Release|Any CPU
		{009266F1-D85A-45D3-90FE-C491765A0A5F}.Debug|Any CPU.ActiveCfg = Debug|Any CPU
		{009266F1-D85A-45D3-90FE-C491765A0A5F}.Debug|Any CPU.Build.0 = Debug|Any CPU
		{009266F1-D85A-45D3-90FE-C491765A0A5F}.Release|Any CPU.ActiveCfg = Release|Any CPU
		{009266F1-D85A-45D3-90FE-C491765A0A5F}.Release|Any CPU.Build.0 = Release|Any CPU
		{898D7975-A47A-46B8-B633-8C87858AFBC7}.Debug|Any CPU.ActiveCfg = Debug|Any CPU
		{898D7975-A47A-46B8-B633-8C87858AFBC7}.Debug|Any CPU.Build.0 = Debug|Any CPU
		{898D7975-A47A-46B8-B633-8C87858AFBC7}.Release|Any CPU.ActiveCfg = Release|Any CPU
		{898D7975-A47A-46B8-B633-8C87858AFBC7}.Release|Any CPU.Build.0 = Release|Any CPU
		{59BC57E8-ED7D-4AD5-9C50-3B2C743E88C8}.Debug|Any CPU.ActiveCfg = Debug|Any CPU
		{59BC57E8-ED7D-4AD5-9C50-3B2C743E88C8}.Debug|Any CPU.Build.0 = Debug|Any CPU
		{59BC57E8-ED7D-4AD5-9C50-3B2C743E88C8}.Release|Any CPU.ActiveCfg = Release|Any CPU
		{59BC57E8-ED7D-4AD5-9C50-3B2C743E88C8}.Release|Any CPU.Build.0 = Release|Any CPU
		{94A243F5-39F9-4F2E-91F9-62C25D75D590}.Debug|Any CPU.ActiveCfg = Debug|Any CPU
		{94A243F5-39F9-4F2E-91F9-62C25D75D590}.Debug|Any CPU.Build.0 = Debug|Any CPU
		{94A243F5-39F9-4F2E-91F9-62C25D75D590}.Release|Any CPU.ActiveCfg = Release|Any CPU
		{94A243F5-39F9-4F2E-91F9-62C25D75D590}.Release|Any CPU.Build.0 = Release|Any CPU
		{F6B4674D-7883-4CA5-B33E-99D54996B5AF}.Debug|Any CPU.ActiveCfg = Debug|Any CPU
		{F6B4674D-7883-4CA5-B33E-99D54996B5AF}.Debug|Any CPU.Build.0 = Debug|Any CPU
		{F6B4674D-7883-4CA5-B33E-99D54996B5AF}.Release|Any CPU.ActiveCfg = Release|Any CPU
		{F6B4674D-7883-4CA5-B33E-99D54996B5AF}.Release|Any CPU.Build.0 = Release|Any CPU
		{4106E554-1130-4939-A4B8-95AF758051A4}.Debug|Any CPU.ActiveCfg = Debug|Any CPU
		{4106E554-1130-4939-A4B8-95AF758051A4}.Debug|Any CPU.Build.0 = Debug|Any CPU
		{4106E554-1130-4939-A4B8-95AF758051A4}.Release|Any CPU.ActiveCfg = Release|Any CPU
		{4106E554-1130-4939-A4B8-95AF758051A4}.Release|Any CPU.Build.0 = Release|Any CPU
		{94393A32-93D6-442C-A40D-FA2C0BC68527}.Debug|Any CPU.ActiveCfg = Debug|Any CPU
		{94393A32-93D6-442C-A40D-FA2C0BC68527}.Debug|Any CPU.Build.0 = Debug|Any CPU
		{94393A32-93D6-442C-A40D-FA2C0BC68527}.Release|Any CPU.ActiveCfg = Release|Any CPU
		{94393A32-93D6-442C-A40D-FA2C0BC68527}.Release|Any CPU.Build.0 = Release|Any CPU
		{F7615DEB-4A33-4AB1-A29E-31A988E42062}.Debug|Any CPU.ActiveCfg = Debug|Any CPU
		{F7615DEB-4A33-4AB1-A29E-31A988E42062}.Debug|Any CPU.Build.0 = Debug|Any CPU
		{F7615DEB-4A33-4AB1-A29E-31A988E42062}.Release|Any CPU.ActiveCfg = Release|Any CPU
		{F7615DEB-4A33-4AB1-A29E-31A988E42062}.Release|Any CPU.Build.0 = Release|Any CPU
		{C2775324-45F0-4F85-ADA1-91BF8BC89631}.Debug|Any CPU.ActiveCfg = Debug|Any CPU
		{C2775324-45F0-4F85-ADA1-91BF8BC89631}.Debug|Any CPU.Build.0 = Debug|Any CPU
		{C2775324-45F0-4F85-ADA1-91BF8BC89631}.Release|Any CPU.ActiveCfg = Release|Any CPU
		{C2775324-45F0-4F85-ADA1-91BF8BC89631}.Release|Any CPU.Build.0 = Release|Any CPU
		{CAED4962-2BF0-4655-BA85-794F2711D42D}.Debug|Any CPU.ActiveCfg = Debug|Any CPU
		{CAED4962-2BF0-4655-BA85-794F2711D42D}.Debug|Any CPU.Build.0 = Debug|Any CPU
		{CAED4962-2BF0-4655-BA85-794F2711D42D}.Release|Any CPU.ActiveCfg = Release|Any CPU
		{CAED4962-2BF0-4655-BA85-794F2711D42D}.Release|Any CPU.Build.0 = Release|Any CPU
		{1E75123E-D057-4F8D-98D5-9A5440B2252A}.Debug|Any CPU.ActiveCfg = Debug|Any CPU
		{1E75123E-D057-4F8D-98D5-9A5440B2252A}.Debug|Any CPU.Build.0 = Debug|Any CPU
		{1E75123E-D057-4F8D-98D5-9A5440B2252A}.Release|Any CPU.ActiveCfg = Release|Any CPU
		{1E75123E-D057-4F8D-98D5-9A5440B2252A}.Release|Any CPU.Build.0 = Release|Any CPU
	EndGlobalSection
	GlobalSection(SolutionProperties) = preSolution
		HideSolutionNode = FALSE
	EndGlobalSection
	GlobalSection(NestedProjects) = preSolution
		{94A243F5-39F9-4F2E-91F9-62C25D75D590} = {C820DBFA-26CF-47DD-90EC-190964356FAC}
		{F6B4674D-7883-4CA5-B33E-99D54996B5AF} = {C820DBFA-26CF-47DD-90EC-190964356FAC}
		{4106E554-1130-4939-A4B8-95AF758051A4} = {DA96EA9F-9B88-47EE-9960-B8DA836A97C7}
		{94393A32-93D6-442C-A40D-FA2C0BC68527} = {DA96EA9F-9B88-47EE-9960-B8DA836A97C7}
	EndGlobalSection
	GlobalSection(ExtensibilityGlobals) = postSolution
		SolutionGuid = {E79129DF-B4F3-459E-83C5-01D43D59FD06}
	EndGlobalSection
EndGlobal
